
Microsoft Visual Studio Solution File, Format Version 12.00
# Visual Studio Version 17
VisualStudioVersion = 17.7.34031.279
MinimumVisualStudioVersion = 10.0.40219.1
Project("{8BC9CEB8-8B4A-11D0-8D11-00A0C91BC942}") = "Работа над двоичными числами 2", "Работа над двоичными числами 2\Работа над двоичными числами 2.vcxproj", "{95BDEA88-4DC9-4386-9B7A-30405412CB27}"
EndProject
Global
	GlobalSection(SolutionConfigurationPlatforms) = preSolution
		Debug|x64 = Debug|x64
		Debug|x86 = Debug|x86
		Release|x64 = Release|x64
		Release|x86 = Release|x86
	EndGlobalSection
	GlobalSection(ProjectConfigurationPlatforms) = postSolution
		{95BDEA88-4DC9-4386-9B7A-30405412CB27}.Debug|x64.ActiveCfg = Debug|x64
		{95BDEA88-4DC9-4386-9B7A-30405412CB27}.Debug|x64.Build.0 = Debug|x64
		{95BDEA88-4DC9-4386-9B7A-30405412CB27}.Debug|x86.ActiveCfg = Debug|Win32
		{95BDEA88-4DC9-4386-9B7A-30405412CB27}.Debug|x86.Build.0 = Debug|Win32
		{95BDEA88-4DC9-4386-9B7A-30405412CB27}.Release|x64.ActiveCfg = Release|x64
		{95BDEA88-4DC9-4386-9B7A-30405412CB27}.Release|x64.Build.0 = Release|x64
		{95BDEA88-4DC9-4386-9B7A-30405412CB27}.Release|x86.ActiveCfg = Release|Win32
		{95BDEA88-4DC9-4386-9B7A-30405412CB27}.Release|x86.Build.0 = Release|Win32
	EndGlobalSection
	GlobalSection(SolutionProperties) = preSolution
		HideSolutionNode = FALSE
	EndGlobalSection
	GlobalSection(ExtensibilityGlobals) = postSolution
		SolutionGuid = {3BC0F591-5212-446E-AF5D-EE1D5C7CEC62}
	EndGlobalSection
EndGlobal
